
Microsoft Visual Studio Solution File, Format Version 12.00
# Visual Studio Version 17
VisualStudioVersion = 17.0.32014.148
MinimumVisualStudioVersion = 10.0.40219.1
Project("{8BC9CEB8-8B4A-11D0-8D11-00A0C91BC942}") = "ObjcEncodingParser", "ObjcEncodingParser.vcxproj", "{6500AAA2-E125-419D-ACF7-698EB4B6AD44}"
EndProject
Project("{8BC9CEB8-8B4A-11D0-8D11-00A0C91BC942}") = "RunTest", "RunTest.vcxproj", "{4613528E-93FA-41B1-AEBF-CB4E567914BA}"
EndProject
Global
	GlobalSection(SolutionConfigurationPlatforms) = preSolution
		Debug|x64 = Debug|x64
		Debug|x86 = Debug|x86
		Release|x64 = Release|x64
		Release|x86 = Release|x86
	EndGlobalSection
	GlobalSection(ProjectConfigurationPlatforms) = postSolution
		{6500AAA2-E125-419D-ACF7-698EB4B6AD44}.Debug|x64.ActiveCfg = Debug|x64
		{6500AAA2-E125-419D-ACF7-698EB4B6AD44}.Debug|x64.Build.0 = Debug|x64
		{6500AAA2-E125-419D-ACF7-698EB4B6AD44}.Debug|x86.ActiveCfg = Debug|Win32
		{6500AAA2-E125-419D-ACF7-698EB4B6AD44}.Debug|x86.Build.0 = Debug|Win32
		{6500AAA2-E125-419D-ACF7-698EB4B6AD44}.Release|x64.ActiveCfg = Release|x64
		{6500AAA2-E125-419D-ACF7-698EB4B6AD44}.Release|x64.Build.0 = Release|x64
		{6500AAA2-E125-419D-ACF7-698EB4B6AD44}.Release|x86.ActiveCfg = Release|Win32
		{6500AAA2-E125-419D-ACF7-698EB4B6AD44}.Release|x86.Build.0 = Release|Win32
		{4613528E-93FA-41B1-AEBF-CB4E567914BA}.Debug|x64.ActiveCfg = Debug|x64
		{4613528E-93FA-41B1-AEBF-CB4E567914BA}.Debug|x64.Build.0 = Debug|x64
		{4613528E-93FA-41B1-AEBF-CB4E567914BA}.Debug|x86.ActiveCfg = Debug|Win32
		{4613528E-93FA-41B1-AEBF-CB4E567914BA}.Debug|x86.Build.0 = Debug|Win32
		{4613528E-93FA-41B1-AEBF-CB4E567914BA}.Release|x64.ActiveCfg = Release|x64
		{4613528E-93FA-41B1-AEBF-CB4E567914BA}.Release|x64.Build.0 = Release|x64
		{4613528E-93FA-41B1-AEBF-CB4E567914BA}.Release|x86.ActiveCfg = Release|Win32
		{4613528E-93FA-41B1-AEBF-CB4E567914BA}.Release|x86.Build.0 = Release|Win32
	EndGlobalSection
	GlobalSection(SolutionProperties) = preSolution
		HideSolutionNode = FALSE
	EndGlobalSection
	GlobalSection(ExtensibilityGlobals) = postSolution
		SolutionGuid = {F9F3E6F7-8263-4068-A459-2A4A18DA7AC1}
	EndGlobalSection
EndGlobal
