// !$*UTF8*$!
{
	archiveVersion = 1;
	classes = {
	};
	objectVersion = 55;
	objects = {

/* Begin PBXBuildFile section */
		FA5D07F62810636F00ED9CA4 /* run-test.c in Sources */ = {isa = PBXBuildFile; fileRef = FA5D07F02810636F00ED9CA4 /* run-test.c */; };
		FA5D07F82810636F00ED9CA4 /* parser.c in Sources */ = {isa = PBXBuildFile; fileRef = FA5D07F52810636F00ED9CA4 /* parser.c */; };
/* End PBXBuildFile section */

/* Begin PBXCopyFilesBuildPhase section */
		FAF1B157280F2A8500ABBA15 /* CopyFiles */ = {
			isa = PBXCopyFilesBuildPhase;
			buildActionMask = 2147483647;
			dstPath = /usr/share/man/man1/;
			dstSubfolderSpec = 0;
			files = (
			);
			runOnlyForDeploymentPostprocessing = 1;
		};
/* End PBXCopyFilesBuildPhase section */

/* Begin PBXFileReference section */
		FA5D07EF2810636F00ED9CA4 /* strings.h */ = {isa = PBXFileReference; fileEncoding = 4; lastKnownFileType = sourcecode.c.h; path = strings.h; sourceTree = "<group>"; };
		FA5D07F02810636F00ED9CA4 /* run-test.c */ = {isa = PBXFileReference; fileEncoding = 4; lastKnownFileType = sourcecode.c.c; path = "run-test.c"; sourceTree = "<group>"; };
		FA5D07F12810636F00ED9CA4 /* types.def */ = {isa = PBXFileReference; fileEncoding = 4; lastKnownFileType = text; path = types.def; sourceTree = "<group>"; };
		FA5D07F22810636F00ED9CA4 /* cursor.h */ = {isa = PBXFileReference; fileEncoding = 4; lastKnownFileType = sourcecode.c.h; path = cursor.h; sourceTree = "<group>"; };
		FA5D07F32810636F00ED9CA4 /* parser.h */ = {isa = PBXFileReference; fileEncoding = 4; lastKnownFileType = sourcecode.c.h; path = parser.h; sourceTree = "<group>"; };
		FA5D07F42810636F00ED9CA4 /* common.h */ = {isa = PBXFileReference; fileEncoding = 4; lastKnownFileType = sourcecode.c.h; path = common.h; sourceTree = "<group>"; };
		FA5D07F52810636F00ED9CA4 /* parser.c */ = {isa = PBXFileReference; fileEncoding = 4; lastKnownFileType = sourcecode.c.c; path = parser.c; sourceTree = "<group>"; };
		FAF1B159280F2A8500ABBA15 /* ObjcEncodingParser */ = {isa = PBXFileReference; explicitFileType = "compiled.mach-o.executable"; includeInIndex = 0; path = ObjcEncodingParser; sourceTree = BUILT_PRODUCTS_DIR; };
/* End PBXFileReference section */

/* Begin PBXFrameworksBuildPhase section */
		FAF1B156280F2A8500ABBA15 /* Frameworks */ = {
			isa = PBXFrameworksBuildPhase;
			buildActionMask = 2147483647;
			files = (
			);
			runOnlyForDeploymentPostprocessing = 0;
		};
/* End PBXFrameworksBuildPhase section */

/* Begin PBXGroup section */
		FAF1B150280F2A8500ABBA15 = {
			isa = PBXGroup;
			children = (
				FA5D07F42810636F00ED9CA4 /* common.h */,
				FA5D07F22810636F00ED9CA4 /* cursor.h */,
				FA5D07F52810636F00ED9CA4 /* parser.c */,
				FA5D07F32810636F00ED9CA4 /* parser.h */,
				FA5D07F02810636F00ED9CA4 /* run-test.c */,
				FA5D07EF2810636F00ED9CA4 /* strings.h */,
				FA5D07F12810636F00ED9CA4 /* types.def */,
				FAF1B15A280F2A8500ABBA15 /* Products */,
			);
			sourceTree = "<group>";
		};
		FAF1B15A280F2A8500ABBA15 /* Products */ = {
			isa = PBXGroup;
			children = (
				FAF1B159280F2A8500ABBA15 /* ObjcEncodingParser */,
			);
			name = Products;
			sourceTree = "<group>";
		};
/* End PBXGroup section */

/* Begin PBXNativeTarget section */
		FAF1B158280F2A8500ABBA15 /* ObjcEncodingParser */ = {
			isa = PBXNativeTarget;
			buildConfigurationList = FAF1B160280F2A8500ABBA15 /* Build configuration list for PBXNativeTarget "ObjcEncodingParser" */;
			buildPhases = (
				FAF1B155280F2A8500ABBA15 /* Sources */,
				FAF1B156280F2A8500ABBA15 /* Frameworks */,
				FAF1B157280F2A8500ABBA15 /* CopyFiles */,
			);
			buildRules = (
			);
			dependencies = (
			);
			name = ObjcEncodingParser;
			productName = ObjcEncodingParser;
			productReference = FAF1B159280F2A8500ABBA15 /* ObjcEncodingParser */;
			productType = "com.apple.product-type.tool";
		};
/* End PBXNativeTarget section */

/* Begin PBXProject section */
		FAF1B151280F2A8500ABBA15 /* Project object */ = {
			isa = PBXProject;
			attributes = {
				BuildIndependentTargetsInParallel = 1;
				LastUpgradeCheck = 1330;
				TargetAttributes = {
					FAF1B158280F2A8500ABBA15 = {
						CreatedOnToolsVersion = 13.3;
					};
				};
			};
			buildConfigurationList = FAF1B154280F2A8500ABBA15 /* Build configuration list for PBXProject "ObjcEncodingParser" */;
			compatibilityVersion = "Xcode 13.0";
			developmentRegion = en;
			hasScannedForEncodings = 0;
			knownRegions = (
				en,
				Base,
			);
			mainGroup = FAF1B150280F2A8500ABBA15;
			productRefGroup = FAF1B15A280F2A8500ABBA15 /* Products */;
			projectDirPath = "";
			projectRoot = "";
			targets = (
				FAF1B158280F2A8500ABBA15 /* ObjcEncodingParser */,
			);
		};
/* End PBXProject section */

/* Begin PBXSourcesBuildPhase section */
		FAF1B155280F2A8500ABBA15 /* Sources */ = {
			isa = PBXSourcesBuildPhase;
			buildActionMask = 2147483647;
			files = (
				FA5D07F82810636F00ED9CA4 /* parser.c in Sources */,
				FA5D07F62810636F00ED9CA4 /* run-test.c in Sources */,
			);
			runOnlyForDeploymentPostprocessing = 0;
		};
/* End PBXSourcesBuildPhase section */

/* Begin XCBuildConfiguration section */
		FAF1B15E280F2A8500ABBA15 /* Debug */ = {
			isa = XCBuildConfiguration;
			buildSettings = {
				ALWAYS_SEARCH_USER_PATHS = NO;
				CLANG_ANALYZER_NONNULL = YES;
				CLANG_ANALYZER_NUMBER_OBJECT_CONVERSION = YES_AGGRESSIVE;
				CLANG_CXX_LANGUAGE_STANDARD = "gnu++17";
				CLANG_ENABLE_MODULES = YES;
				CLANG_ENABLE_OBJC_ARC = YES;
				CLANG_ENABLE_OBJC_WEAK = YES;
				CLANG_WARN_BLOCK_CAPTURE_AUTORELEASING = YES;
				CLANG_WARN_BOOL_CONVERSION = YES;
				CLANG_WARN_COMMA = YES;
				CLANG_WARN_CONSTANT_CONVERSION = YES;
				CLANG_WARN_DEPRECATED_OBJC_IMPLEMENTATIONS = YES;
				CLANG_WARN_DIRECT_OBJC_ISA_USAGE = YES_ERROR;
				CLANG_WARN_DOCUMENTATION_COMMENTS = YES;
				CLANG_WARN_EMPTY_BODY = YES;
				CLANG_WARN_ENUM_CONVERSION = YES;
				CLANG_WARN_INFINITE_RECURSION = YES;
				CLANG_WARN_INT_CONVERSION = YES;
				CLANG_WARN_NON_LITERAL_NULL_CONVERSION = YES;
				CLANG_WARN_OBJC_IMPLICIT_RETAIN_SELF = YES;
				CLANG_WARN_OBJC_LITERAL_CONVERSION = YES;
				CLANG_WARN_OBJC_ROOT_CLASS = YES_ERROR;
				CLANG_WARN_QUOTED_INCLUDE_IN_FRAMEWORK_HEADER = YES;
				CLANG_WARN_RANGE_LOOP_ANALYSIS = YES;
				CLANG_WARN_STRICT_PROTOTYPES = YES;
				CLANG_WARN_SUSPICIOUS_MOVE = YES;
				CLANG_WARN_UNGUARDED_AVAILABILITY = YES_AGGRESSIVE;
				CLANG_WARN_UNREACHABLE_CODE = YES;
				CLANG_WARN__DUPLICATE_METHOD_MATCH = YES;
				COPY_PHASE_STRIP = NO;
				DEBUG_INFORMATION_FORMAT = dwarf;
				ENABLE_STRICT_OBJC_MSGSEND = YES;
				ENABLE_TESTABILITY = YES;
				GCC_C_LANGUAGE_STANDARD = gnu11;
				GCC_DYNAMIC_NO_PIC = NO;
				GCC_NO_COMMON_BLOCKS = YES;
				GCC_OPTIMIZATION_LEVEL = 0;
				GCC_PREPROCESSOR_DEFINITIONS = (
					"DEBUG=1",
					"$(inherited)",
				);
				GCC_WARN_64_TO_32_BIT_CONVERSION = YES;
				GCC_WARN_ABOUT_RETURN_TYPE = YES_ERROR;
				GCC_WARN_UNDECLARED_SELECTOR = YES;
				GCC_WARN_UNINITIALIZED_AUTOS = YES_AGGRESSIVE;
				GCC_WARN_UNUSED_FUNCTION = YES;
				GCC_WARN_UNUSED_VARIABLE = YES;
				MACOSX_DEPLOYMENT_TARGET = 12.3;
				MTL_ENABLE_DEBUG_INFO = INCLUDE_SOURCE;
				MTL_FAST_MATH = YES;
				ONLY_ACTIVE_ARCH = YES;
				SDKROOT = macosx;
			};
			name = Debug;
		};
		FAF1B15F280F2A8500ABBA15 /* Release */ = {
			isa = XCBuildConfiguration;
			buildSettings = {
				ALWAYS_SEARCH_USER_PATHS = NO;
				CLANG_ANALYZER_NONNULL = YES;
				CLANG_ANALYZER_NUMBER_OBJECT_CONVERSION = YES_AGGRESSIVE;
				CLANG_CXX_LANGUAGE_STANDARD = "gnu++17";
				CLANG_ENABLE_MODULES = YES;
				CLANG_ENABLE_OBJC_ARC = YES;
				CLANG_ENABLE_OBJC_WEAK = YES;
				CLANG_WARN_BLOCK_CAPTURE_AUTORELEASING = YES;
				CLANG_WARN_BOOL_CONVERSION = YES;
				CLANG_WARN_COMMA = YES;
				CLANG_WARN_CONSTANT_CONVERSION = YES;
				CLANG_WARN_DEPRECATED_OBJC_IMPLEMENTATIONS = YES;
				CLANG_WARN_DIRECT_OBJC_ISA_USAGE = YES_ERROR;
				CLANG_WARN_DOCUMENTATION_COMMENTS = YES;
				CLANG_WARN_EMPTY_BODY = YES;
				CLANG_WARN_ENUM_CONVERSION = YES;
				CLANG_WARN_INFINITE_RECURSION = YES;
				CLANG_WARN_INT_CONVERSION = YES;
				CLANG_WARN_NON_LITERAL_NULL_CONVERSION = YES;
				CLANG_WARN_OBJC_IMPLICIT_RETAIN_SELF = YES;
				CLANG_WARN_OBJC_LITERAL_CONVERSION = YES;
				CLANG_WARN_OBJC_ROOT_CLASS = YES_ERROR;
				CLANG_WARN_QUOTED_INCLUDE_IN_FRAMEWORK_HEADER = YES;
				CLANG_WARN_RANGE_LOOP_ANALYSIS = YES;
				CLANG_WARN_STRICT_PROTOTYPES = YES;
				CLANG_WARN_SUSPICIOUS_MOVE = YES;
				CLANG_WARN_UNGUARDED_AVAILABILITY = YES_AGGRESSIVE;
				CLANG_WARN_UNREACHABLE_CODE = YES;
				CLANG_WARN__DUPLICATE_METHOD_MATCH = YES;
				COPY_PHASE_STRIP = NO;
				DEBUG_INFORMATION_FORMAT = "dwarf-with-dsym";
				ENABLE_NS_ASSERTIONS = NO;
				ENABLE_STRICT_OBJC_MSGSEND = YES;
				GCC_C_LANGUAGE_STANDARD = gnu11;
				GCC_NO_COMMON_BLOCKS = YES;
				GCC_WARN_64_TO_32_BIT_CONVERSION = YES;
				GCC_WARN_ABOUT_RETURN_TYPE = YES_ERROR;
				GCC_WARN_UNDECLARED_SELECTOR = YES;
				GCC_WARN_UNINITIALIZED_AUTOS = YES_AGGRESSIVE;
				GCC_WARN_UNUSED_FUNCTION = YES;
				GCC_WARN_UNUSED_VARIABLE = YES;
				MACOSX_DEPLOYMENT_TARGET = 12.3;
				MTL_ENABLE_DEBUG_INFO = NO;
				MTL_FAST_MATH = YES;
				SDKROOT = macosx;
			};
			name = Release;
		};
		FAF1B161280F2A8500ABBA15 /* Debug */ = {
			isa = XCBuildConfiguration;
			buildSettings = {
				CODE_SIGN_STYLE = Automatic;
				MACOSX_DEPLOYMENT_TARGET = 12.0;
				PRODUCT_NAME = "$(TARGET_NAME)";
			};
			name = Debug;
		};
		FAF1B162280F2A8500ABBA15 /* Release */ = {
			isa = XCBuildConfiguration;
			buildSettings = {
				CODE_SIGN_STYLE = Automatic;
				MACOSX_DEPLOYMENT_TARGET = 12.0;
				PRODUCT_NAME = "$(TARGET_NAME)";
			};
			name = Release;
		};
/* End XCBuildConfiguration section */

/* Begin XCConfigurationList section */
		FAF1B154280F2A8500ABBA15 /* Build configuration list for PBXProject "ObjcEncodingParser" */ = {
			isa = XCConfigurationList;
			buildConfigurations = (
				FAF1B15E280F2A8500ABBA15 /* Debug */,
				FAF1B15F280F2A8500ABBA15 /* Release */,
			);
			defaultConfigurationIsVisible = 0;
			defaultConfigurationName = Release;
		};
		FAF1B160280F2A8500ABBA15 /* Build configuration list for PBXNativeTarget "ObjcEncodingParser" */ = {
			isa = XCConfigurationList;
			buildConfigurations = (
				FAF1B161280F2A8500ABBA15 /* Debug */,
				FAF1B162280F2A8500ABBA15 /* Release */,
			);
			defaultConfigurationIsVisible = 0;
			defaultConfigurationName = Release;
		};
/* End XCConfigurationList section */
	};
	rootObject = FAF1B151280F2A8500ABBA15 /* Project object */;
}
